
Microsoft Visual Studio Solution File, Format Version 12.00
# Visual Studio Version 17
VisualStudioVersion = 17.4.33403.182
MinimumVisualStudioVersion = 10.0.40219.1
Project("{FAE04EC0-301F-11D3-BF4B-00C04F79EFBC}") = "NoSql", "NoSql\NoSql.csproj", "{0CFE8396-C836-47B0-A65D-C819A5ECB29D}"
EndProject
Global
	GlobalSection(SolutionConfigurationPlatforms) = preSolution
		Debug|Any CPU = Debug|Any CPU
		Release|Any CPU = Release|Any CPU
	EndGlobalSection
	GlobalSection(ProjectConfigurationPlatforms) = postSolution
		{0CFE8396-C836-47B0-A65D-C819A5ECB29D}.Debug|Any CPU.ActiveCfg = Debug|Any CPU
		{0CFE8396-C836-47B0-A65D-C819A5ECB29D}.Debug|Any CPU.Build.0 = Debug|Any CPU
		{0CFE8396-C836-47B0-A65D-C819A5ECB29D}.Release|Any CPU.ActiveCfg = Release|Any CPU
		{0CFE8396-C836-47B0-A65D-C819A5ECB29D}.Release|Any CPU.Build.0 = Release|Any CPU
	EndGlobalSection
	GlobalSection(SolutionProperties) = preSolution
		HideSolutionNode = FALSE
	EndGlobalSection
	GlobalSection(ExtensibilityGlobals) = postSolution
		SolutionGuid = {5E78DFA2-123D-49A3-8C62-BA8A88D5E79A}
	EndGlobalSection
EndGlobal
